
Microsoft Visual Studio Solution File, Format Version 12.00
# Visual Studio Version 17
VisualStudioVersion = 17.8.34330.188
MinimumVisualStudioVersion = 10.0.40219.1
Project("{FAE04EC0-301F-11D3-BF4B-00C04F79EFBC}") = "Tasks 1 and 2", "Tasks 1 and 2\Tasks 1 and 2.csproj", "{89A3ADB7-0D5B-4B3C-BDEA-A7DF46D609BC}"
EndProject
Global
	GlobalSection(SolutionConfigurationPlatforms) = preSolution
		Debug|Any CPU = Debug|Any CPU
		Release|Any CPU = Release|Any CPU
	EndGlobalSection
	GlobalSection(ProjectConfigurationPlatforms) = postSolution
		{89A3ADB7-0D5B-4B3C-BDEA-A7DF46D609BC}.Debug|Any CPU.ActiveCfg = Debug|Any CPU
		{89A3ADB7-0D5B-4B3C-BDEA-A7DF46D609BC}.Debug|Any CPU.Build.0 = Debug|Any CPU
		{89A3ADB7-0D5B-4B3C-BDEA-A7DF46D609BC}.Release|Any CPU.ActiveCfg = Release|Any CPU
		{89A3ADB7-0D5B-4B3C-BDEA-A7DF46D609BC}.Release|Any CPU.Build.0 = Release|Any CPU
	EndGlobalSection
	GlobalSection(SolutionProperties) = preSolution
		HideSolutionNode = FALSE
	EndGlobalSection
	GlobalSection(ExtensibilityGlobals) = postSolution
		SolutionGuid = {F6B078CD-AB7F-49B6-A2F4-F3DBB9888DFC}
	EndGlobalSection
EndGlobal
